Microsoft Visual Studio Solution File, Format Version 12.00
# Visual Studio 15
VisualStudioVersion = 15.0.27130.2027
MinimumVisualStudioVersion = 10.0.40219.1
Project("{8BC9CEB8-8B4A-11D0-8D11-00A0C91BC942}") = "GarminJoystick", "GarminJoystick\GarminJoystick.vcxproj", "{F9DEBB3A-6A5F-4BF9-B701-7049AF997D05}"
EndProject
Project("{8BC9CEB8-8B4A-11D0-8D11-00A0C91BC942}") = "GarminJoystick.F407", "GarminJoystick.F407\GarminJoystick.F407.vcxproj", "{C4697BA3-98DF-4AEA-8973-0497F6494F5C}"
EndProject
Global
	GlobalSection(SolutionConfigurationPlatforms) = preSolution
		Debug|x64 = Debug|x64
		Debug|x86 = Debug|x86
		Release|x64 = Release|x64
		Release|x86 = Release|x86
	EndGlobalSection
	GlobalSection(ProjectConfigurationPlatforms) = postSolution
		{F9DEBB3A-6A5F-4BF9-B701-7049AF997D05}.Debug|x64.ActiveCfg = Debug|Win32
		{F9DEBB3A-6A5F-4BF9-B701-7049AF997D05}.Debug|x86.ActiveCfg = Debug|Win32
		{F9DEBB3A-6A5F-4BF9-B701-7049AF997D05}.Debug|x86.Build.0 = Debug|Win32
		{F9DEBB3A-6A5F-4BF9-B701-7049AF997D05}.Release|x64.ActiveCfg = Release|Win32
		{F9DEBB3A-6A5F-4BF9-B701-7049AF997D05}.Release|x86.ActiveCfg = Release|Win32
		{F9DEBB3A-6A5F-4BF9-B701-7049AF997D05}.Release|x86.Build.0 = Release|Win32
		{C4697BA3-98DF-4AEA-8973-0497F6494F5C}.Debug|x64.ActiveCfg = Debug|Win32
		{C4697BA3-98DF-4AEA-8973-0497F6494F5C}.Debug|x86.ActiveCfg = Debug|Win32
		{C4697BA3-98DF-4AEA-8973-0497F6494F5C}.Debug|x86.Build.0 = Debug|Win32
		{C4697BA3-98DF-4AEA-8973-0497F6494F5C}.Release|x64.ActiveCfg = Release|Win32
		{C4697BA3-98DF-4AEA-8973-0497F6494F5C}.Release|x86.ActiveCfg = Release|Win32
		{C4697BA3-98DF-4AEA-8973-0497F6494F5C}.Release|x86.Build.0 = Release|Win32
	EndGlobalSection
	GlobalSection(SolutionProperties) = preSolution
		HideSolutionNode = FALSE
	EndGlobalSection
	GlobalSection(ExtensibilityGlobals) = postSolution
		SolutionGuid = {922F6243-B019-4E2F-B732-619FE845852E}
	EndGlobalSection
EndGlobal
