<?xml version="1.0" encoding="utf-8"?>
<Project ToolsVersion="4.0" xmlns="http://schemas.microsoft.com/developer/msbuild/2003">
  <ItemGroup>
    <Filter Include="Source files">
      <UniqueIdentifier>{54c0fdda-52dc-4028-b05a-0d7da24ba7fa}</UniqueIdentifier>
      <Extensions>cpp;c;cc;cxx;def;odl;idl;hpj;bat;asm;asmx</Extensions>
    </Filter>
    <Filter Include="Header files">
      <UniqueIdentifier>{b946c333-bedd-45a5-bad6-abbe1a1f85ae}</UniqueIdentifier>
      <Extensions>h;hpp;hxx;hm;inl;inc;xsd</Extensions>
    </Filter>
    <Filter Include="Resource files">
      <UniqueIdentifier>{7f5a3f01-faa5-4408-8211-b5cef6f7af7b}</UniqueIdentifier>
      <Extensions>rc;ico;cur;bmp;dlg;rc2;rct;bin;rgs;gif;jpg;jpeg;jpe;resx;tiff;tif;png;wav</Extensions>
    </Filter>
    <Filter Include="Make files">
      <UniqueIdentifier>{5707563a-704b-4e39-beb2-5c86e5a35792}</UniqueIdentifier>
      <Extensions>*.mak</Extensions>
    </Filter>
    <Filter Include="Source files\Device-specific files">
      <UniqueIdentifier>{92f13e22-8b32-498f-9a69-b7783655a7c1}</UniqueIdentifier>
    </Filter>
    <Filter Include="Header files\Device-specific files">
      <UniqueIdentifier>{367d1065-274c-4db8-ac75-bb98eeee6f52}</UniqueIdentifier>
    </Filter>
    <Filter Include="Source files\Device-specific files\USB Device">
      <UniqueIdentifier>{da190fd3-30a7-49e9-a268-e952daf3e821}</UniqueIdentifier>
    </Filter>
    <Filter Include="Header files\Device-specific files\USB Device">
      <UniqueIdentifier>{adbdda42-f857-49ae-b665-880c2397488e}</UniqueIdentifier>
    </Filter>
    <Filter Include="Source files\Device-specific files\HAL">
      <UniqueIdentifier>{f82e6960-42c3-4a4f-ab76-50cf9e1e3bae}</UniqueIdentifier>
    </Filter>
    <Filter Include="Header files\Device-specific files\HAL">
      <UniqueIdentifier>{c0e10ca6-6bf5-404b-833a-7199aa65be5f}</UniqueIdentifier>
    </Filter>
  </ItemGroup>
  <ItemGroup>
    <ClCompile Include="GarminJoystik.cpp">
      <Filter>Source files</Filter>
    </ClCompile>
    <ClCompile Include="usbd_cdc_if.c">
      <Filter>Source files</Filter>
    </ClCompile>
    <ClCompile Include="usbd_conf.c">
      <Filter>Source files</Filter>
    </ClCompile>
    <ClCompile Include="usbd_desc.c">
      <Filter>Source files</Filter>
    </ClCompile>
    <ClCompile Include="system_stm32f1xx.c">
      <Filter>Source files</Filter>
    </ClCompile>
    <ClCompile Include="C:\Users\SAK\AppData\Local\VisualGDB\EmbeddedBSPs\arm-eabi\com.sysprogs.arm.stm32\STM32F1xxxx\StartupFiles\startup_stm32f103xb.c">
      <Filter>Source files\Device-specific files</Filter>
    </ClCompile>
    <ClCompile Include="C:\Users\SAK\AppData\Local\VisualGDB\EmbeddedBSPs\arm-eabi\com.sysprogs.arm.stm32\STM32_USB_Device_Library\Class\HID\Src\usbd_hid.c">
      <Filter>Source files\Device-specific files\USB Device</Filter>
    </ClCompile>
    <ClCompile Include="C:\Users\SAK\AppData\Local\VisualGDB\EmbeddedBSPs\arm-eabi\com.sysprogs.arm.stm32\STM32_USB_Device_Library\Core\Src\usbd_core.c">
      <Filter>Source files\Device-specific files\USB Device</Filter>
    </ClCompile>
    <ClCompile Include="C:\Users\SAK\AppData\Local\VisualGDB\EmbeddedBSPs\arm-eabi\com.sysprogs.arm.stm32\STM32_USB_Device_Library\Core\Src\usbd_ctlreq.c">
      <Filter>Source files\Device-specific files\USB Device</Filter>
    </ClCompile>
    <ClCompile Include="C:\Users\SAK\AppData\Local\VisualGDB\EmbeddedBSPs\arm-eabi\com.sysprogs.arm.stm32\STM32_USB_Device_Library\Core\Src\usbd_ioreq.c">
      <Filter>Source files\Device-specific files\USB Device</Filter>
    </ClCompile>
    <ClCompile Include="C:\Users\SAK\AppData\Local\VisualGDB\EmbeddedBSPs\arm-eabi\com.sysprogs.arm.stm32\STM32F1xxxx\STM32F1xx_HAL_Driver\Src\stm32f1xx_hal.c">
      <Filter>Source files\Device-specific files\HAL</Filter>
    </ClCompile>
    <ClCompile Include="C:\Users\SAK\AppData\Local\VisualGDB\EmbeddedBSPs\arm-eabi\com.sysprogs.arm.stm32\STM32F1xxxx\STM32F1xx_HAL_Driver\Src\stm32f1xx_hal_adc.c">
      <Filter>Source files\Device-specific files\HAL</Filter>
    </ClCompile>
    <ClCompile Include="C:\Users\SAK\AppData\Local\VisualGDB\EmbeddedBSPs\arm-eabi\com.sysprogs.arm.stm32\STM32F1xxxx\STM32F1xx_HAL_Driver\Src\stm32f1xx_hal_adc_ex.c">
      <Filter>Source files\Device-specific files\HAL</Filter>
    </ClCompile>
    <ClCompile Include="C:\Users\SAK\AppData\Local\VisualGDB\EmbeddedBSPs\arm-eabi\com.sysprogs.arm.stm32\STM32F1xxxx\STM32F1xx_HAL_Driver\Src\stm32f1xx_hal_can.c">
      <Filter>Source files\Device-specific files\HAL</Filter>
    </ClCompile>
    <ClCompile Include="C:\Users\SAK\AppData\Local\VisualGDB\EmbeddedBSPs\arm-eabi\com.sysprogs.arm.stm32\STM32F1xxxx\STM32F1xx_HAL_Driver\Src\stm32f1xx_hal_cec.c">
      <Filter>Source files\Device-specific files\HAL</Filter>
    </ClCompile>
    <ClCompile Include="C:\Users\SAK\AppData\Local\VisualGDB\EmbeddedBSPs\arm-eabi\com.sysprogs.arm.stm32\STM32F1xxxx\STM32F1xx_HAL_Driver\Src\stm32f1xx_hal_cortex.c">
      <Filter>Source files\Device-specific files\HAL</Filter>
    </ClCompile>
    <ClCompile Include="C:\Users\SAK\AppData\Local\VisualGDB\EmbeddedBSPs\arm-eabi\com.sysprogs.arm.stm32\STM32F1xxxx\STM32F1xx_HAL_Driver\Src\stm32f1xx_hal_crc.c">
      <Filter>Source files\Device-specific files\HAL</Filter>
    </ClCompile>
    <ClCompile Include="C:\Users\SAK\AppData\Local\VisualGDB\EmbeddedBSPs\arm-eabi\com.sysprogs.arm.stm32\STM32F1xxxx\STM32F1xx_HAL_Driver\Src\stm32f1xx_hal_dac.c">
      <Filter>Source files\Device-specific files\HAL</Filter>
    </ClCompile>
    <ClCompile Include="C:\Users\SAK\AppData\Local\VisualGDB\EmbeddedBSPs\arm-eabi\com.sysprogs.arm.stm32\STM32F1xxxx\STM32F1xx_HAL_Driver\Src\stm32f1xx_hal_dac_ex.c">
      <Filter>Source files\Device-specific files\HAL</Filter>
    </ClCompile>
    <ClCompile Include="C:\Users\SAK\AppData\Local\VisualGDB\EmbeddedBSPs\arm-eabi\com.sysprogs.arm.stm32\STM32F1xxxx\STM32F1xx_HAL_Driver\Src\stm32f1xx_hal_dma.c">
      <Filter>Source files\Device-specific files\HAL</Filter>
    </ClCompile>
    <ClCompile Include="C:\Users\SAK\AppData\Local\VisualGDB\EmbeddedBSPs\arm-eabi\com.sysprogs.arm.stm32\STM32F1xxxx\STM32F1xx_HAL_Driver\Src\stm32f1xx_hal_eth.c">
      <Filter>Source files\Device-specific files\HAL</Filter>
    </ClCompile>
    <ClCompile Include="C:\Users\SAK\AppData\Local\VisualGDB\EmbeddedBSPs\arm-eabi\com.sysprogs.arm.stm32\STM32F1xxxx\STM32F1xx_HAL_Driver\Src\stm32f1xx_hal_flash.c">
      <Filter>Source files\Device-specific files\HAL</Filter>
    </ClCompile>
    <ClCompile Include="C:\Users\SAK\AppData\Local\VisualGDB\EmbeddedBSPs\arm-eabi\com.sysprogs.arm.stm32\STM32F1xxxx\STM32F1xx_HAL_Driver\Src\stm32f1xx_hal_flash_ex.c">
      <Filter>Source files\Device-specific files\HAL</Filter>
    </ClCompile>
    <ClCompile Include="C:\Users\SAK\AppData\Local\VisualGDB\EmbeddedBSPs\arm-eabi\com.sysprogs.arm.stm32\STM32F1xxxx\STM32F1xx_HAL_Driver\Src\stm32f1xx_hal_gpio.c">
      <Filter>Source files\Device-specific files\HAL</Filter>
    </ClCompile>
    <ClCompile Include="C:\Users\SAK\AppData\Local\VisualGDB\EmbeddedBSPs\arm-eabi\com.sysprogs.arm.stm32\STM32F1xxxx\STM32F1xx_HAL_Driver\Src\stm32f1xx_hal_gpio_ex.c">
      <Filter>Source files\Device-specific files\HAL</Filter>
    </ClCompile>
    <ClCompile Include="C:\Users\SAK\AppData\Local\VisualGDB\EmbeddedBSPs\arm-eabi\com.sysprogs.arm.stm32\STM32F1xxxx\STM32F1xx_HAL_Driver\Src\stm32f1xx_hal_hcd.c">
      <Filter>Source files\Device-specific files\HAL</Filter>
    </ClCompile>
    <ClCompile Include="C:\Users\SAK\AppData\Local\VisualGDB\EmbeddedBSPs\arm-eabi\com.sysprogs.arm.stm32\STM32F1xxxx\STM32F1xx_HAL_Driver\Src\stm32f1xx_hal_i2c.c">
      <Filter>Source files\Device-specific files\HAL</Filter>
    </ClCompile>
    <ClCompile Include="C:\Users\SAK\AppData\Local\VisualGDB\EmbeddedBSPs\arm-eabi\com.sysprogs.arm.stm32\STM32F1xxxx\STM32F1xx_HAL_Driver\Src\stm32f1xx_hal_i2s.c">
      <Filter>Source files\Device-specific files\HAL</Filter>
    </ClCompile>
    <ClCompile Include="C:\Users\SAK\AppData\Local\VisualGDB\EmbeddedBSPs\arm-eabi\com.sysprogs.arm.stm32\STM32F1xxxx\STM32F1xx_HAL_Driver\Src\stm32f1xx_hal_irda.c">
      <Filter>Source files\Device-specific files\HAL</Filter>
    </ClCompile>
    <ClCompile Include="C:\Users\SAK\AppData\Local\VisualGDB\EmbeddedBSPs\arm-eabi\com.sysprogs.arm.stm32\STM32F1xxxx\STM32F1xx_HAL_Driver\Src\stm32f1xx_hal_iwdg.c">
      <Filter>Source files\Device-specific files\HAL</Filter>
    </ClCompile>
    <ClCompile Include="C:\Users\SAK\AppData\Local\VisualGDB\EmbeddedBSPs\arm-eabi\com.sysprogs.arm.stm32\STM32F1xxxx\STM32F1xx_HAL_Driver\Src\stm32f1xx_hal_nand.c">
      <Filter>Source files\Device-specific files\HAL</Filter>
    </ClCompile>
    <ClCompile Include="C:\Users\SAK\AppData\Local\VisualGDB\EmbeddedBSPs\arm-eabi\com.sysprogs.arm.stm32\STM32F1xxxx\STM32F1xx_HAL_Driver\Src\stm32f1xx_hal_nor.c">
      <Filter>Source files\Device-specific files\HAL</Filter>
    </ClCompile>
    <ClCompile Include="C:\Users\SAK\AppData\Local\VisualGDB\EmbeddedBSPs\arm-eabi\com.sysprogs.arm.stm32\STM32F1xxxx\STM32F1xx_HAL_Driver\Src\stm32f1xx_hal_pccard.c">
      <Filter>Source files\Device-specific files\HAL</Filter>
    </ClCompile>
    <ClCompile Include="C:\Users\SAK\AppData\Local\VisualGDB\EmbeddedBSPs\arm-eabi\com.sysprogs.arm.stm32\STM32F1xxxx\STM32F1xx_HAL_Driver\Src\stm32f1xx_hal_pcd.c">
      <Filter>Source files\Device-specific files\HAL</Filter>
    </ClCompile>
    <ClCompile Include="C:\Users\SAK\AppData\Local\VisualGDB\EmbeddedBSPs\arm-eabi\com.sysprogs.arm.stm32\STM32F1xxxx\STM32F1xx_HAL_Driver\Src\stm32f1xx_hal_pcd_ex.c">
      <Filter>Source files\Device-specific files\HAL</Filter>
    </ClCompile>
    <ClCompile Include="C:\Users\SAK\AppData\Local\VisualGDB\EmbeddedBSPs\arm-eabi\com.sysprogs.arm.stm32\STM32F1xxxx\STM32F1xx_HAL_Driver\Src\stm32f1xx_hal_pwr.c">
      <Filter>Source files\Device-specific files\HAL</Filter>
    </ClCompile>
    <ClCompile Include="C:\Users\SAK\AppData\Local\VisualGDB\EmbeddedBSPs\arm-eabi\com.sysprogs.arm.stm32\STM32F1xxxx\STM32F1xx_HAL_Driver\Src\stm32f1xx_hal_rcc.c">
      <Filter>Source files\Device-specific files\HAL</Filter>
    </ClCompile>
    <ClCompile Include="C:\Users\SAK\AppData\Local\VisualGDB\EmbeddedBSPs\arm-eabi\com.sysprogs.arm.stm32\STM32F1xxxx\STM32F1xx_HAL_Driver\Src\stm32f1xx_hal_rcc_ex.c">
      <Filter>Source files\Device-specific files\HAL</Filter>
    </ClCompile>
    <ClCompile Include="C:\Users\SAK\AppData\Local\VisualGDB\EmbeddedBSPs\arm-eabi\com.sysprogs.arm.stm32\STM32F1xxxx\STM32F1xx_HAL_Driver\Src\stm32f1xx_hal_rtc.c">
      <Filter>Source files\Device-specific files\HAL</Filter>
    </ClCompile>
    <ClCompile Include="C:\Users\SAK\AppData\Local\VisualGDB\EmbeddedBSPs\arm-eabi\com.sysprogs.arm.stm32\STM32F1xxxx\STM32F1xx_HAL_Driver\Src\stm32f1xx_hal_rtc_ex.c">
      <Filter>Source files\Device-specific files\HAL</Filter>
    </ClCompile>
    <ClCompile Include="C:\Users\SAK\AppData\Local\VisualGDB\EmbeddedBSPs\arm-eabi\com.sysprogs.arm.stm32\STM32F1xxxx\STM32F1xx_HAL_Driver\Src\stm32f1xx_hal_sd.c">
      <Filter>Source files\Device-specific files\HAL</Filter>
    </ClCompile>
    <ClCompile Include="C:\Users\SAK\AppData\Local\VisualGDB\EmbeddedBSPs\arm-eabi\com.sysprogs.arm.stm32\STM32F1xxxx\STM32F1xx_HAL_Driver\Src\stm32f1xx_hal_smartcard.c">
      <Filter>Source files\Device-specific files\HAL</Filter>
    </ClCompile>
    <ClCompile Include="C:\Users\SAK\AppData\Local\VisualGDB\EmbeddedBSPs\arm-eabi\com.sysprogs.arm.stm32\STM32F1xxxx\STM32F1xx_HAL_Driver\Src\stm32f1xx_hal_spi.c">
      <Filter>Source files\Device-specific files\HAL</Filter>
    </ClCompile>
    <ClCompile Include="C:\Users\SAK\AppData\Local\VisualGDB\EmbeddedBSPs\arm-eabi\com.sysprogs.arm.stm32\STM32F1xxxx\STM32F1xx_HAL_Driver\Src\stm32f1xx_hal_spi_ex.c">
      <Filter>Source files\Device-specific files\HAL</Filter>
    </ClCompile>
    <ClCompile Include="C:\Users\SAK\AppData\Local\VisualGDB\EmbeddedBSPs\arm-eabi\com.sysprogs.arm.stm32\STM32F1xxxx\STM32F1xx_HAL_Driver\Src\stm32f1xx_hal_sram.c">
      <Filter>Source files\Device-specific files\HAL</Filter>
    </ClCompile>
    <ClCompile Include="C:\Users\SAK\AppData\Local\VisualGDB\EmbeddedBSPs\arm-eabi\com.sysprogs.arm.stm32\STM32F1xxxx\STM32F1xx_HAL_Driver\Src\stm32f1xx_hal_tim.c">
      <Filter>Source files\Device-specific files\HAL</Filter>
    </ClCompile>
    <ClCompile Include="C:\Users\SAK\AppData\Local\VisualGDB\EmbeddedBSPs\arm-eabi\com.sysprogs.arm.stm32\STM32F1xxxx\STM32F1xx_HAL_Driver\Src\stm32f1xx_hal_tim_ex.c">
      <Filter>Source files\Device-specific files\HAL</Filter>
    </ClCompile>
    <ClCompile Include="C:\Users\SAK\AppData\Local\VisualGDB\EmbeddedBSPs\arm-eabi\com.sysprogs.arm.stm32\STM32F1xxxx\STM32F1xx_HAL_Driver\Src\stm32f1xx_hal_uart.c">
      <Filter>Source files\Device-specific files\HAL</Filter>
    </ClCompile>
    <ClCompile Include="C:\Users\SAK\AppData\Local\VisualGDB\EmbeddedBSPs\arm-eabi\com.sysprogs.arm.stm32\STM32F1xxxx\STM32F1xx_HAL_Driver\Src\stm32f1xx_hal_usart.c">
      <Filter>Source files\Device-specific files\HAL</Filter>
    </ClCompile>
    <ClCompile Include="C:\Users\SAK\AppData\Local\VisualGDB\EmbeddedBSPs\arm-eabi\com.sysprogs.arm.stm32\STM32F1xxxx\STM32F1xx_HAL_Driver\Src\stm32f1xx_hal_wwdg.c">
      <Filter>Source files\Device-specific files\HAL</Filter>
    </ClCompile>
    <ClCompile Include="C:\Users\SAK\AppData\Local\VisualGDB\EmbeddedBSPs\arm-eabi\com.sysprogs.arm.stm32\STM32F1xxxx\STM32F1xx_HAL_Driver\Src\stm32f1xx_ll_fsmc.c">
      <Filter>Source files\Device-specific files\HAL</Filter>
    </ClCompile>
    <ClCompile Include="C:\Users\SAK\AppData\Local\VisualGDB\EmbeddedBSPs\arm-eabi\com.sysprogs.arm.stm32\STM32F1xxxx\STM32F1xx_HAL_Driver\Src\stm32f1xx_ll_sdmmc.c">
      <Filter>Source files\Device-specific files\HAL</Filter>
    </ClCompile>
    <ClCompile Include="C:\Users\SAK\AppData\Local\VisualGDB\EmbeddedBSPs\arm-eabi\com.sysprogs.arm.stm32\STM32F1xxxx\STM32F1xx_HAL_Driver\Src\stm32f1xx_ll_usb.c">
      <Filter>Source files\Device-specific files\HAL</Filter>
    </ClCompile>
  </ItemGroup>
  <ItemGroup>
    <ClInclude Include="usbd_cdc_if.h">
      <Filter>Header files</Filter>
    </ClInclude>
    <ClInclude Include="usbd_conf.h">
      <Filter>Header files</Filter>
    </ClInclude>
    <ClInclude Include="usbd_desc.h">
      <Filter>Header files</Filter>
    </ClInclude>
    <ClInclude Include="stm32f1xx_hal_conf.h">
      <Filter>Header files</Filter>
    </ClInclude>
    <ClInclude Include="C:\Users\SAK\AppData\Local\VisualGDB\EmbeddedBSPs\arm-eabi\com.sysprogs.arm.stm32\STM32_USB_Device_Library\Class\HID\Inc\usbd_hid.h">
      <Filter>Header files\Device-specific files\USB Device</Filter>
    </ClInclude>
    <ClInclude Include="C:\Users\SAK\AppData\Local\VisualGDB\EmbeddedBSPs\arm-eabi\com.sysprogs.arm.stm32\STM32_USB_Device_Library\Core\Inc\usbd_core.h">
      <Filter>Header files\Device-specific files\USB Device</Filter>
    </ClInclude>
    <ClInclude Include="C:\Users\SAK\AppData\Local\VisualGDB\EmbeddedBSPs\arm-eabi\com.sysprogs.arm.stm32\STM32_USB_Device_Library\Core\Inc\usbd_ctlreq.h">
      <Filter>Header files\Device-specific files\USB Device</Filter>
    </ClInclude>
    <ClInclude Include="C:\Users\SAK\AppData\Local\VisualGDB\EmbeddedBSPs\arm-eabi\com.sysprogs.arm.stm32\STM32_USB_Device_Library\Core\Inc\usbd_def.h">
      <Filter>Header files\Device-specific files\USB Device</Filter>
    </ClInclude>
    <ClInclude Include="C:\Users\SAK\AppData\Local\VisualGDB\EmbeddedBSPs\arm-eabi\com.sysprogs.arm.stm32\STM32_USB_Device_Library\Core\Inc\usbd_ioreq.h">
      <Filter>Header files\Device-specific files\USB Device</Filter>
    </ClInclude>
    <ClInclude Include="C:\Users\SAK\AppData\Local\VisualGDB\EmbeddedBSPs\arm-eabi\com.sysprogs.arm.stm32\STM32F1xxxx\STM32F1xx_HAL_Driver\Inc\stm32f1xx_hal.h">
      <Filter>Header files\Device-specific files\HAL</Filter>
    </ClInclude>
    <ClInclude Include="C:\Users\SAK\AppData\Local\VisualGDB\EmbeddedBSPs\arm-eabi\com.sysprogs.arm.stm32\STM32F1xxxx\STM32F1xx_HAL_Driver\Inc\stm32f1xx_hal_adc.h">
      <Filter>Header files\Device-specific files\HAL</Filter>
    </ClInclude>
    <ClInclude Include="C:\Users\SAK\AppData\Local\VisualGDB\EmbeddedBSPs\arm-eabi\com.sysprogs.arm.stm32\STM32F1xxxx\STM32F1xx_HAL_Driver\Inc\stm32f1xx_hal_adc_ex.h">
      <Filter>Header files\Device-specific files\HAL</Filter>
    </ClInclude>
    <ClInclude Include="C:\Users\SAK\AppData\Local\VisualGDB\EmbeddedBSPs\arm-eabi\com.sysprogs.arm.stm32\STM32F1xxxx\STM32F1xx_HAL_Driver\Inc\stm32f1xx_hal_can.h">
      <Filter>Header files\Device-specific files\HAL</Filter>
    </ClInclude>
    <ClInclude Include="C:\Users\SAK\AppData\Local\VisualGDB\EmbeddedBSPs\arm-eabi\com.sysprogs.arm.stm32\STM32F1xxxx\STM32F1xx_HAL_Driver\Inc\stm32f1xx_hal_can_ex.h">
      <Filter>Header files\Device-specific files\HAL</Filter>
    </ClInclude>
    <ClInclude Include="C:\Users\SAK\AppData\Local\VisualGDB\EmbeddedBSPs\arm-eabi\com.sysprogs.arm.stm32\STM32F1xxxx\STM32F1xx_HAL_Driver\Inc\stm32f1xx_hal_cec.h">
      <Filter>Header files\Device-specific files\HAL</Filter>
    </ClInclude>
    <ClInclude Include="C:\Users\SAK\AppData\Local\VisualGDB\EmbeddedBSPs\arm-eabi\com.sysprogs.arm.stm32\STM32F1xxxx\STM32F1xx_HAL_Driver\Inc\stm32f1xx_hal_cortex.h">
      <Filter>Header files\Device-specific files\HAL</Filter>
    </ClInclude>
    <ClInclude Include="C:\Users\SAK\AppData\Local\VisualGDB\EmbeddedBSPs\arm-eabi\com.sysprogs.arm.stm32\STM32F1xxxx\STM32F1xx_HAL_Driver\Inc\stm32f1xx_hal_crc.h">
      <Filter>Header files\Device-specific files\HAL</Filter>
    </ClInclude>
    <ClInclude Include="C:\Users\SAK\AppData\Local\VisualGDB\EmbeddedBSPs\arm-eabi\com.sysprogs.arm.stm32\STM32F1xxxx\STM32F1xx_HAL_Driver\Inc\stm32f1xx_hal_dac.h">
      <Filter>Header files\Device-specific files\HAL</Filter>
    </ClInclude>
    <ClInclude Include="C:\Users\SAK\AppData\Local\VisualGDB\EmbeddedBSPs\arm-eabi\com.sysprogs.arm.stm32\STM32F1xxxx\STM32F1xx_HAL_Driver\Inc\stm32f1xx_hal_dac_ex.h">
      <Filter>Header files\Device-specific files\HAL</Filter>
    </ClInclude>
    <ClInclude Include="C:\Users\SAK\AppData\Local\VisualGDB\EmbeddedBSPs\arm-eabi\com.sysprogs.arm.stm32\STM32F1xxxx\STM32F1xx_HAL_Driver\Inc\stm32f1xx_hal_def.h">
      <Filter>Header files\Device-specific files\HAL</Filter>
    </ClInclude>
    <ClInclude Include="C:\Users\SAK\AppData\Local\VisualGDB\EmbeddedBSPs\arm-eabi\com.sysprogs.arm.stm32\STM32F1xxxx\STM32F1xx_HAL_Driver\Inc\stm32f1xx_hal_dma.h">
      <Filter>Header files\Device-specific files\HAL</Filter>
    </ClInclude>
    <ClInclude Include="C:\Users\SAK\AppData\Local\VisualGDB\EmbeddedBSPs\arm-eabi\com.sysprogs.arm.stm32\STM32F1xxxx\STM32F1xx_HAL_Driver\Inc\stm32f1xx_hal_dma_ex.h">
      <Filter>Header files\Device-specific files\HAL</Filter>
    </ClInclude>
    <ClInclude Include="C:\Users\SAK\AppData\Local\VisualGDB\EmbeddedBSPs\arm-eabi\com.sysprogs.arm.stm32\STM32F1xxxx\STM32F1xx_HAL_Driver\Inc\stm32f1xx_hal_eth.h">
      <Filter>Header files\Device-specific files\HAL</Filter>
    </ClInclude>
    <ClInclude Include="C:\Users\SAK\AppData\Local\VisualGDB\EmbeddedBSPs\arm-eabi\com.sysprogs.arm.stm32\STM32F1xxxx\STM32F1xx_HAL_Driver\Inc\stm32f1xx_hal_flash.h">
      <Filter>Header files\Device-specific files\HAL</Filter>
    </ClInclude>
    <ClInclude Include="C:\Users\SAK\AppData\Local\VisualGDB\EmbeddedBSPs\arm-eabi\com.sysprogs.arm.stm32\STM32F1xxxx\STM32F1xx_HAL_Driver\Inc\stm32f1xx_hal_flash_ex.h">
      <Filter>Header files\Device-specific files\HAL</Filter>
    </ClInclude>
    <ClInclude Include="C:\Users\SAK\AppData\Local\VisualGDB\EmbeddedBSPs\arm-eabi\com.sysprogs.arm.stm32\STM32F1xxxx\STM32F1xx_HAL_Driver\Inc\stm32f1xx_hal_gpio.h">
      <Filter>Header files\Device-specific files\HAL</Filter>
    </ClInclude>
    <ClInclude Include="C:\Users\SAK\AppData\Local\VisualGDB\EmbeddedBSPs\arm-eabi\com.sysprogs.arm.stm32\STM32F1xxxx\STM32F1xx_HAL_Driver\Inc\stm32f1xx_hal_gpio_ex.h">
      <Filter>Header files\Device-specific files\HAL</Filter>
    </ClInclude>
    <ClInclude Include="C:\Users\SAK\AppData\Local\VisualGDB\EmbeddedBSPs\arm-eabi\com.sysprogs.arm.stm32\STM32F1xxxx\STM32F1xx_HAL_Driver\Inc\stm32f1xx_hal_hcd.h">
      <Filter>Header files\Device-specific files\HAL</Filter>
    </ClInclude>
    <ClInclude Include="C:\Users\SAK\AppData\Local\VisualGDB\EmbeddedBSPs\arm-eabi\com.sysprogs.arm.stm32\STM32F1xxxx\STM32F1xx_HAL_Driver\Inc\stm32f1xx_hal_i2c.h">
      <Filter>Header files\Device-specific files\HAL</Filter>
    </ClInclude>
    <ClInclude Include="C:\Users\SAK\AppData\Local\VisualGDB\EmbeddedBSPs\arm-eabi\com.sysprogs.arm.stm32\STM32F1xxxx\STM32F1xx_HAL_Driver\Inc\stm32f1xx_hal_i2s.h">
      <Filter>Header files\Device-specific files\HAL</Filter>
    </ClInclude>
    <ClInclude Include="C:\Users\SAK\AppData\Local\VisualGDB\EmbeddedBSPs\arm-eabi\com.sysprogs.arm.stm32\STM32F1xxxx\STM32F1xx_HAL_Driver\Inc\stm32f1xx_hal_irda.h">
      <Filter>Header files\Device-specific files\HAL</Filter>
    </ClInclude>
    <ClInclude Include="C:\Users\SAK\AppData\Local\VisualGDB\EmbeddedBSPs\arm-eabi\com.sysprogs.arm.stm32\STM32F1xxxx\STM32F1xx_HAL_Driver\Inc\stm32f1xx_hal_iwdg.h">
      <Filter>Header files\Device-specific files\HAL</Filter>
    </ClInclude>
    <ClInclude Include="C:\Users\SAK\AppData\Local\VisualGDB\EmbeddedBSPs\arm-eabi\com.sysprogs.arm.stm32\STM32F1xxxx\STM32F1xx_HAL_Driver\Inc\stm32f1xx_hal_nand.h">
      <Filter>Header files\Device-specific files\HAL</Filter>
    </ClInclude>
    <ClInclude Include="C:\Users\SAK\AppData\Local\VisualGDB\EmbeddedBSPs\arm-eabi\com.sysprogs.arm.stm32\STM32F1xxxx\STM32F1xx_HAL_Driver\Inc\stm32f1xx_hal_nor.h">
      <Filter>Header files\Device-specific files\HAL</Filter>
    </ClInclude>
    <ClInclude Include="C:\Users\SAK\AppData\Local\VisualGDB\EmbeddedBSPs\arm-eabi\com.sysprogs.arm.stm32\STM32F1xxxx\STM32F1xx_HAL_Driver\Inc\stm32f1xx_hal_pccard.h">
      <Filter>Header files\Device-specific files\HAL</Filter>
    </ClInclude>
    <ClInclude Include="C:\Users\SAK\AppData\Local\VisualGDB\EmbeddedBSPs\arm-eabi\com.sysprogs.arm.stm32\STM32F1xxxx\STM32F1xx_HAL_Driver\Inc\stm32f1xx_hal_pcd.h">
      <Filter>Header files\Device-specific files\HAL</Filter>
    </ClInclude>
    <ClInclude Include="C:\Users\SAK\AppData\Local\VisualGDB\EmbeddedBSPs\arm-eabi\com.sysprogs.arm.stm32\STM32F1xxxx\STM32F1xx_HAL_Driver\Inc\stm32f1xx_hal_pcd_ex.h">
      <Filter>Header files\Device-specific files\HAL</Filter>
    </ClInclude>
    <ClInclude Include="C:\Users\SAK\AppData\Local\VisualGDB\EmbeddedBSPs\arm-eabi\com.sysprogs.arm.stm32\STM32F1xxxx\STM32F1xx_HAL_Driver\Inc\stm32f1xx_hal_pwr.h">
      <Filter>Header files\Device-specific files\HAL</Filter>
    </ClInclude>
    <ClInclude Include="C:\Users\SAK\AppData\Local\VisualGDB\EmbeddedBSPs\arm-eabi\com.sysprogs.arm.stm32\STM32F1xxxx\STM32F1xx_HAL_Driver\Inc\stm32f1xx_hal_rcc.h">
      <Filter>Header files\Device-specific files\HAL</Filter>
    </ClInclude>
    <ClInclude Include="C:\Users\SAK\AppData\Local\VisualGDB\EmbeddedBSPs\arm-eabi\com.sysprogs.arm.stm32\STM32F1xxxx\STM32F1xx_HAL_Driver\Inc\stm32f1xx_hal_rcc_ex.h">
      <Filter>Header files\Device-specific files\HAL</Filter>
    </ClInclude>
    <ClInclude Include="C:\Users\SAK\AppData\Local\VisualGDB\EmbeddedBSPs\arm-eabi\com.sysprogs.arm.stm32\STM32F1xxxx\STM32F1xx_HAL_Driver\Inc\stm32f1xx_hal_rtc.h">
      <Filter>Header files\Device-specific files\HAL</Filter>
    </ClInclude>
    <ClInclude Include="C:\Users\SAK\AppData\Local\VisualGDB\EmbeddedBSPs\arm-eabi\com.sysprogs.arm.stm32\STM32F1xxxx\STM32F1xx_HAL_Driver\Inc\stm32f1xx_hal_rtc_ex.h">
      <Filter>Header files\Device-specific files\HAL</Filter>
    </ClInclude>
    <ClInclude Include="C:\Users\SAK\AppData\Local\VisualGDB\EmbeddedBSPs\arm-eabi\com.sysprogs.arm.stm32\STM32F1xxxx\STM32F1xx_HAL_Driver\Inc\stm32f1xx_hal_sd.h">
      <Filter>Header files\Device-specific files\HAL</Filter>
    </ClInclude>
    <ClInclude Include="C:\Users\SAK\AppData\Local\VisualGDB\EmbeddedBSPs\arm-eabi\com.sysprogs.arm.stm32\STM32F1xxxx\STM32F1xx_HAL_Driver\Inc\stm32f1xx_hal_smartcard.h">
      <Filter>Header files\Device-specific files\HAL</Filter>
    </ClInclude>
    <ClInclude Include="C:\Users\SAK\AppData\Local\VisualGDB\EmbeddedBSPs\arm-eabi\com.sysprogs.arm.stm32\STM32F1xxxx\STM32F1xx_HAL_Driver\Inc\stm32f1xx_hal_spi.h">
      <Filter>Header files\Device-specific files\HAL</Filter>
    </ClInclude>
    <ClInclude Include="C:\Users\SAK\AppData\Local\VisualGDB\EmbeddedBSPs\arm-eabi\com.sysprogs.arm.stm32\STM32F1xxxx\STM32F1xx_HAL_Driver\Inc\stm32f1xx_hal_sram.h">
      <Filter>Header files\Device-specific files\HAL</Filter>
    </ClInclude>
    <ClInclude Include="C:\Users\SAK\AppData\Local\VisualGDB\EmbeddedBSPs\arm-eabi\com.sysprogs.arm.stm32\STM32F1xxxx\STM32F1xx_HAL_Driver\Inc\stm32f1xx_hal_tim.h">
      <Filter>Header files\Device-specific files\HAL</Filter>
    </ClInclude>
    <ClInclude Include="C:\Users\SAK\AppData\Local\VisualGDB\EmbeddedBSPs\arm-eabi\com.sysprogs.arm.stm32\STM32F1xxxx\STM32F1xx_HAL_Driver\Inc\stm32f1xx_hal_tim_ex.h">
      <Filter>Header files\Device-specific files\HAL</Filter>
    </ClInclude>
    <ClInclude Include="C:\Users\SAK\AppData\Local\VisualGDB\EmbeddedBSPs\arm-eabi\com.sysprogs.arm.stm32\STM32F1xxxx\STM32F1xx_HAL_Driver\Inc\stm32f1xx_hal_uart.h">
      <Filter>Header files\Device-specific files\HAL</Filter>
    </ClInclude>
    <ClInclude Include="C:\Users\SAK\AppData\Local\VisualGDB\EmbeddedBSPs\arm-eabi\com.sysprogs.arm.stm32\STM32F1xxxx\STM32F1xx_HAL_Driver\Inc\stm32f1xx_hal_usart.h">
      <Filter>Header files\Device-specific files\HAL</Filter>
    </ClInclude>
    <ClInclude Include="C:\Users\SAK\AppData\Local\VisualGDB\EmbeddedBSPs\arm-eabi\com.sysprogs.arm.stm32\STM32F1xxxx\STM32F1xx_HAL_Driver\Inc\stm32f1xx_hal_wwdg.h">
      <Filter>Header files\Device-specific files\HAL</Filter>
    </ClInclude>
    <ClInclude Include="C:\Users\SAK\AppData\Local\VisualGDB\EmbeddedBSPs\arm-eabi\com.sysprogs.arm.stm32\STM32F1xxxx\STM32F1xx_HAL_Driver\Inc\stm32f1xx_ll_fsmc.h">
      <Filter>Header files\Device-specific files\HAL</Filter>
    </ClInclude>
    <ClInclude Include="C:\Users\SAK\AppData\Local\VisualGDB\EmbeddedBSPs\arm-eabi\com.sysprogs.arm.stm32\STM32F1xxxx\STM32F1xx_HAL_Driver\Inc\stm32f1xx_ll_sdmmc.h">
      <Filter>Header files\Device-specific files\HAL</Filter>
    </ClInclude>
    <ClInclude Include="C:\Users\SAK\AppData\Local\VisualGDB\EmbeddedBSPs\arm-eabi\com.sysprogs.arm.stm32\STM32F1xxxx\STM32F1xx_HAL_Driver\Inc\stm32f1xx_ll_usb.h">
      <Filter>Header files\Device-specific files\HAL</Filter>
    </ClInclude>
    <ClInclude Include="C:\Users\SAK\AppData\Local\VisualGDB\EmbeddedBSPs\arm-eabi\com.sysprogs.arm.stm32\STM32F1xxxx\STM32F1xx_HAL_Driver\Inc\Legacy\stm32_hal_legacy.h">
      <Filter>Header files\Device-specific files\HAL</Filter>
    </ClInclude>
    <ClInclude Include="C:\Users\SAK\AppData\Local\VisualGDB\EmbeddedBSPs\arm-eabi\com.sysprogs.arm.stm32\STM32F1xxxx\CMSIS_HAL\Device\ST\STM32F1xx\Include\stm32f1xx.h">
      <Filter>Header files\Device-specific files\HAL</Filter>
    </ClInclude>
    <ClInclude Include="C:\Users\SAK\AppData\Local\VisualGDB\EmbeddedBSPs\arm-eabi\com.sysprogs.arm.stm32\STM32F1xxxx\CMSIS_HAL\Device\ST\STM32F1xx\Include\system_stm32f1xx.h">
      <Filter>Header files\Device-specific files\HAL</Filter>
    </ClInclude>
    <ClInclude Include="C:\Users\SAK\AppData\Local\VisualGDB\EmbeddedBSPs\arm-eabi\com.sysprogs.arm.stm32\STM32F1xxxx\CMSIS_HAL\Include\arm_common_tables.h">
      <Filter>Header files\Device-specific files\HAL</Filter>
    </ClInclude>
    <ClInclude Include="C:\Users\SAK\AppData\Local\VisualGDB\EmbeddedBSPs\arm-eabi\com.sysprogs.arm.stm32\STM32F1xxxx\CMSIS_HAL\Include\arm_const_structs.h">
      <Filter>Header files\Device-specific files\HAL</Filter>
    </ClInclude>
    <ClInclude Include="C:\Users\SAK\AppData\Local\VisualGDB\EmbeddedBSPs\arm-eabi\com.sysprogs.arm.stm32\STM32F1xxxx\CMSIS_HAL\Include\arm_math.h">
      <Filter>Header files\Device-specific files\HAL</Filter>
    </ClInclude>
    <ClInclude Include="C:\Users\SAK\AppData\Local\VisualGDB\EmbeddedBSPs\arm-eabi\com.sysprogs.arm.stm32\STM32F1xxxx\CMSIS_HAL\Include\core_cm0.h">
      <Filter>Header files\Device-specific files\HAL</Filter>
    </ClInclude>
    <ClInclude Include="C:\Users\SAK\AppData\Local\VisualGDB\EmbeddedBSPs\arm-eabi\com.sysprogs.arm.stm32\STM32F1xxxx\CMSIS_HAL\Include\core_cm0plus.h">
      <Filter>Header files\Device-specific files\HAL</Filter>
    </ClInclude>
    <ClInclude Include="C:\Users\SAK\AppData\Local\VisualGDB\EmbeddedBSPs\arm-eabi\com.sysprogs.arm.stm32\STM32F1xxxx\CMSIS_HAL\Include\core_cm3.h">
      <Filter>Header files\Device-specific files\HAL</Filter>
    </ClInclude>
    <ClInclude Include="C:\Users\SAK\AppData\Local\VisualGDB\EmbeddedBSPs\arm-eabi\com.sysprogs.arm.stm32\STM32F1xxxx\CMSIS_HAL\Include\core_cm4.h">
      <Filter>Header files\Device-specific files\HAL</Filter>
    </ClInclude>
    <ClInclude Include="C:\Users\SAK\AppData\Local\VisualGDB\EmbeddedBSPs\arm-eabi\com.sysprogs.arm.stm32\STM32F1xxxx\CMSIS_HAL\Include\core_cm7.h">
      <Filter>Header files\Device-specific files\HAL</Filter>
    </ClInclude>
    <ClInclude Include="C:\Users\SAK\AppData\Local\VisualGDB\EmbeddedBSPs\arm-eabi\com.sysprogs.arm.stm32\STM32F1xxxx\CMSIS_HAL\Include\core_cmFunc.h">
      <Filter>Header files\Device-specific files\HAL</Filter>
    </ClInclude>
    <ClInclude Include="C:\Users\SAK\AppData\Local\VisualGDB\EmbeddedBSPs\arm-eabi\com.sysprogs.arm.stm32\STM32F1xxxx\CMSIS_HAL\Include\core_cmInstr.h">
      <Filter>Header files\Device-specific files\HAL</Filter>
    </ClInclude>
    <ClInclude Include="C:\Users\SAK\AppData\Local\VisualGDB\EmbeddedBSPs\arm-eabi\com.sysprogs.arm.stm32\STM32F1xxxx\CMSIS_HAL\Include\core_cmSimd.h">
      <Filter>Header files\Device-specific files\HAL</Filter>
    </ClInclude>
    <ClInclude Include="C:\Users\SAK\AppData\Local\VisualGDB\EmbeddedBSPs\arm-eabi\com.sysprogs.arm.stm32\STM32F1xxxx\CMSIS_HAL\Include\core_sc000.h">
      <Filter>Header files\Device-specific files\HAL</Filter>
    </ClInclude>
    <ClInclude Include="C:\Users\SAK\AppData\Local\VisualGDB\EmbeddedBSPs\arm-eabi\com.sysprogs.arm.stm32\STM32F1xxxx\CMSIS_HAL\Include\core_sc300.h">
      <Filter>Header files\Device-specific files\HAL</Filter>
    </ClInclude>
    <ClInclude Include="C:\Users\SAK\AppData\Local\VisualGDB\EmbeddedBSPs\arm-eabi\com.sysprogs.arm.stm32\STM32F1xxxx\CMSIS_HAL\RTOS\Template\cmsis_os.h">
      <Filter>Header files\Device-specific files\HAL</Filter>
    </ClInclude>
  </ItemGroup>
  <ItemGroup>
    <None Include="Makefile" />
    <None Include="debug.mak">
      <Filter>Make files</Filter>
    </None>
    <None Include="release.mak">
      <Filter>Make files</Filter>
    </None>
    <None Include="stm32.mak">
      <Filter>Source files\Device-specific files</Filter>
    </None>
  </ItemGroup>
</Project>