<?xml version="1.0" encoding="utf-8"?>
<Project ToolsVersion="4.0" xmlns="http://schemas.microsoft.com/developer/msbuild/2003">
  <ItemGroup>
    <None Include="Makefile" />
  </ItemGroup>
  <ItemGroup>
    <ClInclude Include="Drivers\CMSIS\Device\ST\STM32F1xx\Include\stm32f1xx.h" />
    <ClInclude Include="Drivers\CMSIS\Device\ST\STM32F1xx\Include\stm32f100xb.h" />
    <ClInclude Include="Drivers\CMSIS\Device\ST\STM32F1xx\Include\stm32f100xe.h" />
    <ClInclude Include="Drivers\CMSIS\Device\ST\STM32F1xx\Include\stm32f101x6.h" />
    <ClInclude Include="Drivers\CMSIS\Device\ST\STM32F1xx\Include\stm32f101xb.h" />
    <ClInclude Include="Drivers\CMSIS\Device\ST\STM32F1xx\Include\stm32f101xe.h" />
    <ClInclude Include="Drivers\CMSIS\Device\ST\STM32F1xx\Include\stm32f101xg.h" />
    <ClInclude Include="Drivers\CMSIS\Device\ST\STM32F1xx\Include\stm32f102x6.h" />
    <ClInclude Include="Drivers\CMSIS\Device\ST\STM32F1xx\Include\stm32f102xb.h" />
    <ClInclude Include="Drivers\CMSIS\Device\ST\STM32F1xx\Include\stm32f103x6.h" />
    <ClInclude Include="Drivers\CMSIS\Device\ST\STM32F1xx\Include\stm32f103xb.h" />
    <ClInclude Include="Drivers\CMSIS\Device\ST\STM32F1xx\Include\stm32f103xe.h" />
    <ClInclude Include="Drivers\CMSIS\Device\ST\STM32F1xx\Include\stm32f103xg.h" />
    <ClInclude Include="Drivers\CMSIS\Device\ST\STM32F1xx\Include\stm32f105xc.h" />
    <ClInclude Include="Drivers\CMSIS\Device\ST\STM32F1xx\Include\stm32f107xc.h" />
    <ClInclude Include="Drivers\CMSIS\Device\ST\STM32F1xx\Include\system_stm32f1xx.h" />
    <ClInclude Include="Drivers\CMSIS\Include\arm_common_tables.h" />
    <ClInclude Include="Drivers\CMSIS\Include\arm_const_structs.h" />
    <ClInclude Include="Drivers\CMSIS\Include\arm_math.h" />
    <ClInclude Include="Drivers\CMSIS\Include\cmsis_armcc.h" />
    <ClInclude Include="Drivers\CMSIS\Include\cmsis_armcc_V6.h" />
    <ClInclude Include="Drivers\CMSIS\Include\cmsis_gcc.h" />
    <ClInclude Include="Drivers\CMSIS\Include\core_cm0.h" />
    <ClInclude Include="Drivers\CMSIS\Include\core_cm0plus.h" />
    <ClInclude Include="Drivers\CMSIS\Include\core_cm3.h" />
    <ClInclude Include="Drivers\CMSIS\Include\core_cm4.h" />
    <ClInclude Include="Drivers\CMSIS\Include\core_cm7.h" />
    <ClInclude Include="Drivers\CMSIS\Include\core_cmFunc.h" />
    <ClInclude Include="Drivers\CMSIS\Include\core_cmInstr.h" />
    <ClInclude Include="Drivers\CMSIS\Include\core_cmSimd.h" />
    <ClInclude Include="Drivers\CMSIS\Include\core_sc000.h" />
    <ClInclude Include="Drivers\CMSIS\Include\core_sc300.h" />
    <ClInclude Include="Drivers\STM32F1xx_HAL_Driver\Inc\Legacy\stm32_hal_legacy.h" />
    <ClInclude Include="Drivers\STM32F1xx_HAL_Driver\Inc\stm32f1xx_hal.h" />
    <ClInclude Include="Drivers\STM32F1xx_HAL_Driver\Inc\stm32f1xx_hal_cortex.h" />
    <ClInclude Include="Drivers\STM32F1xx_HAL_Driver\Inc\stm32f1xx_hal_def.h" />
    <ClInclude Include="Drivers\STM32F1xx_HAL_Driver\Inc\stm32f1xx_hal_dma.h" />
    <ClInclude Include="Drivers\STM32F1xx_HAL_Driver\Inc\stm32f1xx_hal_dma_ex.h" />
    <ClInclude Include="Drivers\STM32F1xx_HAL_Driver\Inc\stm32f1xx_hal_flash.h" />
    <ClInclude Include="Drivers\STM32F1xx_HAL_Driver\Inc\stm32f1xx_hal_flash_ex.h" />
    <ClInclude Include="Drivers\STM32F1xx_HAL_Driver\Inc\stm32f1xx_hal_gpio.h" />
    <ClInclude Include="Drivers\STM32F1xx_HAL_Driver\Inc\stm32f1xx_hal_gpio_ex.h" />
    <ClInclude Include="Drivers\STM32F1xx_HAL_Driver\Inc\stm32f1xx_hal_pcd.h" />
    <ClInclude Include="Drivers\STM32F1xx_HAL_Driver\Inc\stm32f1xx_hal_pcd_ex.h" />
    <ClInclude Include="Drivers\STM32F1xx_HAL_Driver\Inc\stm32f1xx_hal_pwr.h" />
    <ClInclude Include="Drivers\STM32F1xx_HAL_Driver\Inc\stm32f1xx_hal_rcc.h" />
    <ClInclude Include="Drivers\STM32F1xx_HAL_Driver\Inc\stm32f1xx_hal_rcc_ex.h" />
    <ClInclude Include="Drivers\STM32F1xx_HAL_Driver\Inc\stm32f1xx_hal_tim.h" />
    <ClInclude Include="Drivers\STM32F1xx_HAL_Driver\Inc\stm32f1xx_hal_tim_ex.h" />
    <ClInclude Include="Drivers\STM32F1xx_HAL_Driver\Inc\stm32f1xx_ll_usb.h" />
    <ClInclude Include="Inc\mxconstants.h" />
    <ClInclude Include="Inc\stm32f1xx_hal_conf.h" />
    <ClInclude Include="Inc\stm32f1xx_it.h" />
    <ClInclude Include="Inc\usb_device.h" />
    <ClInclude Include="Inc\usbd_conf.h" />
    <ClInclude Include="Inc\usbd_desc.h" />
    <ClInclude Include="Middlewares\ST\STM32_USB_Device_Library\Class\HID\Inc\usbd_hid.h" />
    <ClInclude Include="Middlewares\ST\STM32_USB_Device_Library\Core\Inc\usbd_core.h" />
    <ClInclude Include="Middlewares\ST\STM32_USB_Device_Library\Core\Inc\usbd_ctlreq.h" />
    <ClInclude Include="Middlewares\ST\STM32_USB_Device_Library\Core\Inc\usbd_def.h" />
    <ClInclude Include="Middlewares\ST\STM32_USB_Device_Library\Core\Inc\usbd_ioreq.h" />
  </ItemGroup>
  <ItemGroup>
    <ClCompile Include="Drivers\CMSIS\Device\ST\STM32F1xx\Source\Templates\system_stm32f1xx.c" />
    <ClCompile Include="Drivers\STM32F1xx_HAL_Driver\Src\stm32f1xx_hal.c" />
    <ClCompile Include="Drivers\STM32F1xx_HAL_Driver\Src\stm32f1xx_hal_cortex.c" />
    <ClCompile Include="Drivers\STM32F1xx_HAL_Driver\Src\stm32f1xx_hal_dma.c" />
    <ClCompile Include="Drivers\STM32F1xx_HAL_Driver\Src\stm32f1xx_hal_flash.c" />
    <ClCompile Include="Drivers\STM32F1xx_HAL_Driver\Src\stm32f1xx_hal_flash_ex.c" />
    <ClCompile Include="Drivers\STM32F1xx_HAL_Driver\Src\stm32f1xx_hal_gpio.c" />
    <ClCompile Include="Drivers\STM32F1xx_HAL_Driver\Src\stm32f1xx_hal_gpio_ex.c" />
    <ClCompile Include="Drivers\STM32F1xx_HAL_Driver\Src\stm32f1xx_hal_pcd.c" />
    <ClCompile Include="Drivers\STM32F1xx_HAL_Driver\Src\stm32f1xx_hal_pcd_ex.c" />
    <ClCompile Include="Drivers\STM32F1xx_HAL_Driver\Src\stm32f1xx_hal_pwr.c" />
    <ClCompile Include="Drivers\STM32F1xx_HAL_Driver\Src\stm32f1xx_hal_rcc.c" />
    <ClCompile Include="Drivers\STM32F1xx_HAL_Driver\Src\stm32f1xx_hal_rcc_ex.c" />
    <ClCompile Include="Drivers\STM32F1xx_HAL_Driver\Src\stm32f1xx_hal_tim.c" />
    <ClCompile Include="Drivers\STM32F1xx_HAL_Driver\Src\stm32f1xx_hal_tim_ex.c" />
    <ClCompile Include="Drivers\STM32F1xx_HAL_Driver\Src\stm32f1xx_ll_usb.c" />
    <ClCompile Include="Middlewares\ST\STM32_USB_Device_Library\Class\HID\Src\usbd_hid.c" />
    <ClCompile Include="Middlewares\ST\STM32_USB_Device_Library\Core\Src\usbd_core.c" />
    <ClCompile Include="Middlewares\ST\STM32_USB_Device_Library\Core\Src\usbd_ctlreq.c" />
    <ClCompile Include="Middlewares\ST\STM32_USB_Device_Library\Core\Src\usbd_ioreq.c" />
    <ClCompile Include="Src\hal_config.c" />
    <ClCompile Include="Src\main.c" />
    <ClCompile Include="Src\stm32f1xx_hal_msp.c" />
    <ClCompile Include="Src\stm32f1xx_it.c" />
    <ClCompile Include="Src\usb_device.c" />
    <ClCompile Include="Src\usbd_conf.c" />
    <ClCompile Include="Src\usbd_desc.c" />
  </ItemGroup>
</Project>